
Microsoft Visual Studio Solution File, Format Version 12.00
# Visual Studio Version 17
VisualStudioVersion = 17.8.34330.188
MinimumVisualStudioVersion = 17.8.34330.188
Project("{9A19103F-16F7-4668-BE54-9A1E7A4F7556}") = "TcHaxx.Snappy.CLI", "src\TcHaxx.Snappy.CLI\TcHaxx.Snappy.CLI.csproj", "{8736B039-28FB-40F3-AF4B-1289F9FDC529}"
EndProject
Project("{9A19103F-16F7-4668-BE54-9A1E7A4F7556}") = "TcHaxx.Snappy.CLI.Tests", "tests\TcHaxx.Snappy.Tests\TcHaxx.Snappy.CLI.Tests.csproj", "{5A9B0E60-748B-4DCD-91C6-3BA8FC4B79E9}"
EndProject
Project("{9A19103F-16F7-4668-BE54-9A1E7A4F7556}") = "TcHaxx.Snappy.TcADS", "src\TcHaxx.Snappy.TcADS\TcHaxx.Snappy.TcADS.csproj", "{AAC80C14-E919-4349-AE75-652E58263353}"
EndProject
Project("{2150E333-8FDC-42A3-9474-1A3956D46DE8}") = "env", "env", "{9A6AE3E0-A679-453E-A11A-9DEC17B6B948}"
	ProjectSection(SolutionItems) = preProject
		.editorconfig = .editorconfig
		README.md = README.md
	EndProjectSection
EndProject
Project("{9A19103F-16F7-4668-BE54-9A1E7A4F7556}") = "TcHaxx.Snappy.CLI.Installer", "src\TcHaxx.Snappy.CLI.Installer\TcHaxx.Snappy.CLI.Installer.csproj", "{5E60BFD2-A67C-482B-8446-950D3C9BA36A}"
EndProject
Project("{FAE04EC0-301F-11D3-BF4B-00C04F79EFBC}") = "TcHaxx.Snappy.Common", "src\TcHaxx.Snappy.Common\TcHaxx.Snappy.Common.csproj", "{E544FDBB-BA02-4661-9BCB-C5791613964D}"
EndProject
Global
	GlobalSection(SolutionConfigurationPlatforms) = preSolution
		Debug|Any CPU = Debug|Any CPU
		Release|Any CPU = Release|Any CPU
	EndGlobalSection
	GlobalSection(ProjectConfigurationPlatforms) = postSolution
		{8736B039-28FB-40F3-AF4B-1289F9FDC529}.Debug|Any CPU.ActiveCfg = Debug|Any CPU
		{8736B039-28FB-40F3-AF4B-1289F9FDC529}.Debug|Any CPU.Build.0 = Debug|Any CPU
		{8736B039-28FB-40F3-AF4B-1289F9FDC529}.Release|Any CPU.ActiveCfg = Release|Any CPU
		{8736B039-28FB-40F3-AF4B-1289F9FDC529}.Release|Any CPU.Build.0 = Release|Any CPU
		{5A9B0E60-748B-4DCD-91C6-3BA8FC4B79E9}.Debug|Any CPU.ActiveCfg = Debug|Any CPU
		{5A9B0E60-748B-4DCD-91C6-3BA8FC4B79E9}.Debug|Any CPU.Build.0 = Debug|Any CPU
		{5A9B0E60-748B-4DCD-91C6-3BA8FC4B79E9}.Release|Any CPU.ActiveCfg = Release|Any CPU
		{5A9B0E60-748B-4DCD-91C6-3BA8FC4B79E9}.Release|Any CPU.Build.0 = Release|Any CPU
		{AAC80C14-E919-4349-AE75-652E58263353}.Debug|Any CPU.ActiveCfg = Debug|Any CPU
		{AAC80C14-E919-4349-AE75-652E58263353}.Debug|Any CPU.Build.0 = Debug|Any CPU
		{AAC80C14-E919-4349-AE75-652E58263353}.Release|Any CPU.ActiveCfg = Release|Any CPU
		{AAC80C14-E919-4349-AE75-652E58263353}.Release|Any CPU.Build.0 = Release|Any CPU
		{5E60BFD2-A67C-482B-8446-950D3C9BA36A}.Debug|Any CPU.ActiveCfg = Debug|Any CPU
		{5E60BFD2-A67C-482B-8446-950D3C9BA36A}.Debug|Any CPU.Build.0 = Debug|Any CPU
		{5E60BFD2-A67C-482B-8446-950D3C9BA36A}.Release|Any CPU.ActiveCfg = Release|Any CPU
		{5E60BFD2-A67C-482B-8446-950D3C9BA36A}.Release|Any CPU.Build.0 = Release|Any CPU
		{E544FDBB-BA02-4661-9BCB-C5791613964D}.Debug|Any CPU.ActiveCfg = Debug|Any CPU
		{E544FDBB-BA02-4661-9BCB-C5791613964D}.Debug|Any CPU.Build.0 = Debug|Any CPU
		{E544FDBB-BA02-4661-9BCB-C5791613964D}.Release|Any CPU.ActiveCfg = Release|Any CPU
		{E544FDBB-BA02-4661-9BCB-C5791613964D}.Release|Any CPU.Build.0 = Release|Any CPU
	EndGlobalSection
	GlobalSection(SolutionProperties) = preSolution
		HideSolutionNode = FALSE
	EndGlobalSection
	GlobalSection(ExtensibilityGlobals) = postSolution
		SolutionGuid = {5ABE814F-A307-4743-959F-809CDC419600}
	EndGlobalSection
EndGlobal
